Microsoft Visual Studio Solution File, Format Version 12.00
# Visual Studio Version 17
VisualStudioVersion = 17.5.2.0
MinimumVisualStudioVersion = 10.0.40219.1
Project("{FAE04EC0-301F-11D3-BF4B-00C04F79EFBC}") = "ArchipelInstaller", "ArchipelInstaller\ArchipelInstaller.csproj", "{42A96C2F-7C5E-D883-6A21-12D4E86EB2EA}"
EndProject
Global
	GlobalSection(SolutionConfigurationPlatforms) = preSolution
		Debug|Any CPU = Debug|Any CPU
		Release|Any CPU = Release|Any CPU
	EndGlobalSection
	GlobalSection(ProjectConfigurationPlatforms) = postSolution
		{42A96C2F-7C5E-D883-6A21-12D4E86EB2EA}.Debug|Any CPU.ActiveCfg = Debug|Any CPU
		{42A96C2F-7C5E-D883-6A21-12D4E86EB2EA}.Debug|Any CPU.Build.0 = Debug|Any CPU
		{42A96C2F-7C5E-D883-6A21-12D4E86EB2EA}.Release|Any CPU.ActiveCfg = Release|Any CPU
		{42A96C2F-7C5E-D883-6A21-12D4E86EB2EA}.Release|Any CPU.Build.0 = Release|Any CPU
	EndGlobalSection
	GlobalSection(SolutionProperties) = preSolution
		HideSolutionNode = FALSE
	EndGlobalSection
	GlobalSection(ExtensibilityGlobals) = postSolution
		SolutionGuid = {0FE43A9B-736B-42E2-978A-76E166B2C80C}
	EndGlobalSection
EndGlobal
